// !$*UTF8*$!
{
	archiveVersion = 1;
	classes = {
	};
	objectVersion = 50;
	objects = {

/* Begin PBXBuildFile section */
		7C6EB6D2A49DC0BEA6E4E28F /* Pods_EcoDatumAmazonTests.framework in Frameworks */ = {isa = PBXBuildFile; fileRef = 265B60079CD38ADD949EA84A /* Pods_EcoDatumAmazonTests.framework */; };
		855F43E7C86C72F8CDB7F7BD /* Pods_EcoDatumAmazon.framework in Frameworks */ = {isa = PBXBuildFile; fileRef = B67FCE51DBE8081C166356D3 /* Pods_EcoDatumAmazon.framework */; };
		BE03920A20DE0DDA0075B3CB /* AbioticDataDetailController.swift in Sources */ = {isa = PBXBuildFile; fileRef = BE03920920DE0DDA0075B3CB /* AbioticDataDetailController.swift */; };
		BE10E85520DC9DE1006C680A /* EcoFactorChoiceController.swift in Sources */ = {isa = PBXBuildFile; fileRef = BE10E85420DC9DE1006C680A /* EcoFactorChoiceController.swift */; };
		BE10E85720DC9E3A006C680A /* AbioticFactorChoiceController.swift in Sources */ = {isa = PBXBuildFile; fileRef = BE10E85620DC9E3A006C680A /* AbioticFactorChoiceController.swift */; };
		BE10E85D20DCA47A006C680A /* AbioticEcoData+Codable.swift in Sources */ = {isa = PBXBuildFile; fileRef = BE10E85C20DCA47A006C680A /* AbioticEcoData+Codable.swift */; };
		BE10E86120DCA5D7006C680A /* BioticEcoData+Codable.swift in Sources */ = {isa = PBXBuildFile; fileRef = BE10E86020DCA5D7006C680A /* BioticEcoData+Codable.swift */; };
		BE10E86720DCAAC9006C680A /* EcoFactor+Codable.swift in Sources */ = {isa = PBXBuildFile; fileRef = BE10E86620DCAAC9006C680A /* EcoFactor+Codable.swift */; };
		BE1868D420D9A49F007E3EE8 /* SitePlaceController.swift in Sources */ = {isa = PBXBuildFile; fileRef = BE1868D320D9A49F007E3EE8 /* SitePlaceController.swift */; };
		BE1868D920DA1C93007E3EE8 /* EcoDatumIcon_64x64.png in Resources */ = {isa = PBXBuildFile; fileRef = BE1868D520DA1C92007E3EE8 /* EcoDatumIcon_64x64.png */; };
		BE1868DA20DA1C93007E3EE8 /* EcoDatumIcon_22x29.png in Resources */ = {isa = PBXBuildFile; fileRef = BE1868D620DA1C92007E3EE8 /* EcoDatumIcon_22x29.png */; };
		BE1868DB20DA1C93007E3EE8 /* EcoDatumIcon_44x58.png in Resources */ = {isa = PBXBuildFile; fileRef = BE1868D720DA1C93007E3EE8 /* EcoDatumIcon_44x58.png */; };
		BE1868DC20DA1C93007E3EE8 /* EcoDatumIcon_320x320.png in Resources */ = {isa = PBXBuildFile; fileRef = BE1868D820DA1C93007E3EE8 /* EcoDatumIcon_320x320.png */; };
		BE19499A20E02FB600962DA0 /* BioticDataType+Codable.swift in Sources */ = {isa = PBXBuildFile; fileRef = BE19499920E02FB600962DA0 /* BioticDataType+Codable.swift */; };
		BE19499C20E034FE00962DA0 /* ScaleDataType.swift in Sources */ = {isa = PBXBuildFile; fileRef = BE19499B20E034FE00962DA0 /* ScaleDataType.swift */; };
		BE1949A020E03D6B00962DA0 /* AbioticDataType+Codable.swift in Sources */ = {isa = PBXBuildFile; fileRef = BE19499F20E03D6B00962DA0 /* AbioticDataType+Codable.swift */; };
		BE1949A220E0404000962DA0 /* AbioticDataValue+Codable.swift in Sources */ = {isa = PBXBuildFile; fileRef = BE1949A120E0404000962DA0 /* AbioticDataValue+Codable.swift */; };
		BE1949A420E0627100962DA0 /* SoilTextureDataValueController.swift in Sources */ = {isa = PBXBuildFile; fileRef = BE1949A320E0627100962DA0 /* SoilTextureDataValueController.swift */; };
		BE1949A620E062CF00962DA0 /* ScaleDataValueChoiceController.swift in Sources */ = {isa = PBXBuildFile; fileRef = BE1949A520E062CF00962DA0 /* ScaleDataValueChoiceController.swift */; };
		BE1949A820E062F000962DA0 /* DecimalDataValueChoiceController.swift in Sources */ = {isa = PBXBuildFile; fileRef = BE1949A720E062F000962DA0 /* DecimalDataValueChoiceController.swift */; };
		BE210A6520D4449B002203E5 /* PersistenceUtil.swift in Sources */ = {isa = PBXBuildFile; fileRef = BE210A6420D4449B002203E5 /* PersistenceUtil.swift */; };
		BE210A6720D450B4002203E5 /* SiteNavigationController.swift in Sources */ = {isa = PBXBuildFile; fileRef = BE210A6620D450B4002203E5 /* SiteNavigationController.swift */; };
		BE210A6920D45124002203E5 /* DataNavigationController.swift in Sources */ = {isa = PBXBuildFile; fileRef = BE210A6820D45124002203E5 /* DataNavigationController.swift */; };
		BE210A8020D48E8D002203E5 /* Site+CoreData.swift in Sources */ = {isa = PBXBuildFile; fileRef = BE210A7F20D48E8D002203E5 /* Site+CoreData.swift */; };
		BE26543420DAF7F500844E4F /* Base64Encoded.swift in Sources */ = {isa = PBXBuildFile; fileRef = BE26543320DAF7F500844E4F /* Base64Encoded.swift */; };
		BE4B9B0720D76AAE0069513E /* SitePhotoController.swift in Sources */ = {isa = PBXBuildFile; fileRef = BE4B9B0620D76AAE0069513E /* SitePhotoController.swift */; };
		BE4B9B0B20D771150069513E /* SiteNotesController.swift in Sources */ = {isa = PBXBuildFile; fileRef = BE4B9B0A20D771150069513E /* SiteNotesController.swift */; };
		BE66905420DB194A00EA1492 /* SiteDataController.swift in Sources */ = {isa = PBXBuildFile; fileRef = BE66905320DB194A00EA1492 /* SiteDataController.swift */; };
		BE66905820DB592B00EA1492 /* AbioticData+CoreData.swift in Sources */ = {isa = PBXBuildFile; fileRef = BE66905720DB592B00EA1492 /* AbioticData+CoreData.swift */; };
		BE735AFE20E185B90057DA32 /* CollectionDateChoiceController.swift in Sources */ = {isa = PBXBuildFile; fileRef = BE735AFD20E185B90057DA32 /* CollectionDateChoiceController.swift */; };
		BE735B0020E1BD0D0057DA32 /* FormatterUtil.swift in Sources */ = {isa = PBXBuildFile; fileRef = BE735AFF20E1BD0D0057DA32 /* FormatterUtil.swift */; };
		BE735B0220E1C52C0057DA32 /* DateUtil.swift in Sources */ = {isa = PBXBuildFile; fileRef = BE735B0120E1C52C0057DA32 /* DateUtil.swift */; };
		BE7B877020D4D49C0083F349 /* SiteDetailController.swift in Sources */ = {isa = PBXBuildFile; fileRef = BE7B876F20D4D49C0083F349 /* SiteDetailController.swift */; };
		BE7B877220D4DC830083F349 /* ViewContext.swift in Sources */ = {isa = PBXBuildFile; fileRef = BE7B877120D4DC830083F349 /* ViewContext.swift */; };
		BE7B877420D5B2C80083F349 /* UIViewExtensions.swift in Sources */ = {isa = PBXBuildFile; fileRef = BE7B877320D5B2C80083F349 /* UIViewExtensions.swift */; };
		BE7B877620D729D50083F349 /* SiteMapController.swift in Sources */ = {isa = PBXBuildFile; fileRef = BE7B877520D729D50083F349 /* SiteMapController.swift */; };
		BE9BC92D20DDF46E0048FCF8 /* AbitoicDataUnitChoiceController.swift in Sources */ = {isa = PBXBuildFile; fileRef = BE9BC92C20DDF46E0048FCF8 /* AbitoicDataUnitChoiceController.swift */; };
		BE9BC92F20DE06FA0048FCF8 /* AbioticDataValueChoiceController.swift in Sources */ = {isa = PBXBuildFile; fileRef = BE9BC92E20DE06FA0048FCF8 /* AbioticDataValueChoiceController.swift */; };
		BE9BC93120DE0C410048FCF8 /* AbioticDataTypeChoiceController.swift in Sources */ = {isa = PBXBuildFile; fileRef = BE9BC93020DE0C410048FCF8 /* AbioticDataTypeChoiceController.swift */; };
		BEE57DCA20D8BDE700A1ECB6 /* MainTabBarController.swift in Sources */ = {isa = PBXBuildFile; fileRef = BEE57DC920D8BDE700A1ECB6 /* MainTabBarController.swift */; };
		BEF3C2C120D356FD00ED9A97 /* AppDelegate.swift in Sources */ = {isa = PBXBuildFile; fileRef = BEF3C2C020D356FD00ED9A97 /* AppDelegate.swift */; };
		BEF3C2C620D356FD00ED9A97 /* Main.storyboard in Resources */ = {isa = PBXBuildFile; fileRef = BEF3C2C420D356FD00ED9A97 /* Main.storyboard */; };
		BEF3C2C920D356FD00ED9A97 /* EcoDatumAmazon.xcdatamodeld in Sources */ = {isa = PBXBuildFile; fileRef = BEF3C2C720D356FD00ED9A97 /* EcoDatumAmazon.xcdatamodeld */; };
		BEF3C2CB20D356FE00ED9A97 /* Assets.xcassets in Resources */ = {isa = PBXBuildFile; fileRef = BEF3C2CA20D356FE00ED9A97 /* Assets.xcassets */; };
		BEF3C2CE20D356FE00ED9A97 /* LaunchScreen.storyboard in Resources */ = {isa = PBXBuildFile; fileRef = BEF3C2CC20D356FE00ED9A97 /* LaunchScreen.storyboard */; };
		BEF3C2D920D356FF00ED9A97 /* EcoDatumAmazonTests.swift in Sources */ = {isa = PBXBuildFile; fileRef = BEF3C2D820D356FF00ED9A97 /* EcoDatumAmazonTests.swift */; };
		BEF3C2EA20D358FC00ED9A97 /* MainSplitViewController.swift in Sources */ = {isa = PBXBuildFile; fileRef = BEF3C2E920D358FC00ED9A97 /* MainSplitViewController.swift */; };
		BEF3C2EE20D35B3B00ED9A97 /* SiteTableController.swift in Sources */ = {isa = PBXBuildFile; fileRef = BEF3C2ED20D35B3B00ED9A97 /* SiteTableController.swift */; };
		BEF3C2F520D35DE200ED9A97 /* MapKit.framework in Frameworks */ = {isa = PBXBuildFile; fileRef = BEF3C2F420D35DE200ED9A97 /* MapKit.framework */; };
		BEF3C2FC20D3736300ED9A97 /* AbioticFactor+Codable.swift in Sources */ = {isa = PBXBuildFile; fileRef = BEF3C2FB20D3736300ED9A97 /* AbioticFactor+Codable.swift */; };
		BEF3C2FE20D3742300ED9A97 /* AirDataType+Codable.swift in Sources */ = {isa = PBXBuildFile; fileRef = BEF3C2FD20D3742300ED9A97 /* AirDataType+Codable.swift */; };
		BEF3C30020D3744500ED9A97 /* SoilDataType+Codable.swift in Sources */ = {isa = PBXBuildFile; fileRef = BEF3C2FF20D3744500ED9A97 /* SoilDataType+Codable.swift */; };
		BEF3C30220D3745B00ED9A97 /* WaterDataType+Codable.swift in Sources */ = {isa = PBXBuildFile; fileRef = BEF3C30120D3745B00ED9A97 /* WaterDataType+Codable.swift */; };
		BEF3C30420D374AA00ED9A97 /* AbioticDataUnit+Codable.swift in Sources */ = {isa = PBXBuildFile; fileRef = BEF3C30320D374AA00ED9A97 /* AbioticDataUnit+Codable.swift */; };
		BEF3C30C20D3760000ED9A97 /* NumberSign+Codable.swift in Sources */ = {isa = PBXBuildFile; fileRef = BEF3C30B20D3760000ED9A97 /* NumberSign+Codable.swift */; };
		BEF3C30E20D3764C00ED9A97 /* AirOzoneScale+Codable.swift in Sources */ = {isa = PBXBuildFile; fileRef = BEF3C30D20D3764C00ED9A97 /* AirOzoneScale+Codable.swift */; };
		BEF3C31020D3768900ED9A97 /* SoilPotassiumScale+Codable+ScaleDataType.swift in Sources */ = {isa = PBXBuildFile; fileRef = BEF3C30F20D3768900ED9A97 /* SoilPotassiumScale+Codable+ScaleDataType.swift */; };
		BEF3C31220D376AC00ED9A97 /* SoilTextureScale+Codable+ScaleDataType.swift in Sources */ = {isa = PBXBuildFile; fileRef = BEF3C31120D376AC00ED9A97 /* SoilTextureScale+Codable+ScaleDataType.swift */; };
		BEF3C31420D376E700ED9A97 /* WaterOdorScale+Codable+ScaleDataType.swift in Sources */ = {isa = PBXBuildFile; fileRef = BEF3C31320D376E700ED9A97 /* WaterOdorScale+Codable+ScaleDataType.swift */; };
		BEF3C31620D3771300ED9A97 /* WaterTurbidityScale+Codable+ScaleDataType.swift in Sources */ = {isa = PBXBuildFile; fileRef = BEF3C31520D3771300ED9A97 /* WaterTurbidityScale+Codable+ScaleDataType.swift */; };
/* End PBXBuildFile section */

/* Begin PBXContainerItemProxy section */
		BEF3C2D520D356FF00ED9A97 /* PBXContainerItemProxy */ = {
			isa = PBXContainerItemProxy;
			containerPortal = BEF3C2B520D356FD00ED9A97 /* Project object */;
			proxyType = 1;
			remoteGlobalIDString = BEF3C2BC20D356FD00ED9A97;
			remoteInfo = EcoDatumAmazon;
		};
/* End PBXContainerItemProxy section */

/* Begin PBXFileReference section */
		23B35AE3844A8F421BF5BE1F /* Pods-EcoDatumAmazonTests.debug.xcconfig */ = {isa = PBXFileReference; includeInIndex = 1; lastKnownFileType = text.xcconfig; name = "Pods-EcoDatumAmazonTests.debug.xcconfig"; path = "Pods/Target Support Files/Pods-EcoDatumAmazonTests/Pods-EcoDatumAmazonTests.debug.xcconfig"; sourceTree = "<group>"; };
		265B60079CD38ADD949EA84A /* Pods_EcoDatumAmazonTests.framework */ = {isa = PBXFileReference; explicitFileType = wrapper.framework; includeInIndex = 0; path = Pods_EcoDatumAmazonTests.framework; sourceTree = BUILT_PRODUCTS_DIR; };
		3A8CCA2762E6C5CC5495994F /* Pods-EcoDatumAmazon.release.xcconfig */ = {isa = PBXFileReference; includeInIndex = 1; lastKnownFileType = text.xcconfig; name = "Pods-EcoDatumAmazon.release.xcconfig"; path = "Pods/Target Support Files/Pods-EcoDatumAmazon/Pods-EcoDatumAmazon.release.xcconfig"; sourceTree = "<group>"; };
		428B4B510A287C49471D3AF1 /* Pods-EcoDatumAmazon.debug.xcconfig */ = {isa = PBXFileReference; includeInIndex = 1; lastKnownFileType = text.xcconfig; name = "Pods-EcoDatumAmazon.debug.xcconfig"; path = "Pods/Target Support Files/Pods-EcoDatumAmazon/Pods-EcoDatumAmazon.debug.xcconfig"; sourceTree = "<group>"; };
		B67FCE51DBE8081C166356D3 /* Pods_EcoDatumAmazon.framework */ = {isa = PBXFileReference; explicitFileType = wrapper.framework; includeInIndex = 0; path = Pods_EcoDatumAmazon.framework; sourceTree = BUILT_PRODUCTS_DIR; };
		BE03920920DE0DDA0075B3CB /* AbioticDataDetailController.swift */ = {isa = PBXFileReference; lastKnownFileType = sourcecode.swift; path = AbioticDataDetailController.swift; sourceTree = "<group>"; };
		BE10E85420DC9DE1006C680A /* EcoFactorChoiceController.swift */ = {isa = PBXFileReference; lastKnownFileType = sourcecode.swift; path = EcoFactorChoiceController.swift; sourceTree = "<group>"; };
		BE10E85620DC9E3A006C680A /* AbioticFactorChoiceController.swift */ = {isa = PBXFileReference; lastKnownFileType = sourcecode.swift; path = AbioticFactorChoiceController.swift; sourceTree = "<group>"; };
		BE10E85C20DCA47A006C680A /* AbioticEcoData+Codable.swift */ = {isa = PBXFileReference; lastKnownFileType = sourcecode.swift; path = "AbioticEcoData+Codable.swift"; sourceTree = "<group>"; };
		BE10E86020DCA5D7006C680A /* BioticEcoData+Codable.swift */ = {isa = PBXFileReference; lastKnownFileType = sourcecode.swift; path = "BioticEcoData+Codable.swift"; sourceTree = "<group>"; };
		BE10E86620DCAAC9006C680A /* EcoFactor+Codable.swift */ = {isa = PBXFileReference; fileEncoding = 4; lastKnownFileType = sourcecode.swift; path = "EcoFactor+Codable.swift"; sourceTree = "<group>"; };
		BE1868D320D9A49F007E3EE8 /* SitePlaceController.swift */ = {isa = PBXFileReference; lastKnownFileType = sourcecode.swift; path = SitePlaceController.swift; sourceTree = "<group>"; };
		BE1868D520DA1C92007E3EE8 /* EcoDatumIcon_64x64.png */ = {isa = PBXFileReference; lastKnownFileType = image.png; path = EcoDatumIcon_64x64.png; sourceTree = "<group>"; };
		BE1868D620DA1C92007E3EE8 /* EcoDatumIcon_22x29.png */ = {isa = PBXFileReference; lastKnownFileType = image.png; path = EcoDatumIcon_22x29.png; sourceTree = "<group>"; };
		BE1868D720DA1C93007E3EE8 /* EcoDatumIcon_44x58.png */ = {isa = PBXFileReference; lastKnownFileType = image.png; path = EcoDatumIcon_44x58.png; sourceTree = "<group>"; };
		BE1868D820DA1C93007E3EE8 /* EcoDatumIcon_320x320.png */ = {isa = PBXFileReference; lastKnownFileType = image.png; path = EcoDatumIcon_320x320.png; sourceTree = "<group>"; };
		BE19499920E02FB600962DA0 /* BioticDataType+Codable.swift */ = {isa = PBXFileReference; lastKnownFileType = sourcecode.swift; path = "BioticDataType+Codable.swift"; sourceTree = "<group>"; };
		BE19499B20E034FE00962DA0 /* ScaleDataType.swift */ = {isa = PBXFileReference; lastKnownFileType = sourcecode.swift; path = ScaleDataType.swift; sourceTree = "<group>"; };
		BE19499F20E03D6B00962DA0 /* AbioticDataType+Codable.swift */ = {isa = PBXFileReference; fileEncoding = 4; lastKnownFileType = sourcecode.swift; path = "AbioticDataType+Codable.swift"; sourceTree = "<group>"; };
		BE1949A120E0404000962DA0 /* AbioticDataValue+Codable.swift */ = {isa = PBXFileReference; fileEncoding = 4; lastKnownFileType = sourcecode.swift; path = "AbioticDataValue+Codable.swift"; sourceTree = "<group>"; };
		BE1949A320E0627100962DA0 /* SoilTextureDataValueController.swift */ = {isa = PBXFileReference; lastKnownFileType = sourcecode.swift; path = SoilTextureDataValueController.swift; sourceTree = "<group>"; };
		BE1949A520E062CF00962DA0 /* ScaleDataValueChoiceController.swift */ = {isa = PBXFileReference; lastKnownFileType = sourcecode.swift; path = ScaleDataValueChoiceController.swift; sourceTree = "<group>"; };
		BE1949A720E062F000962DA0 /* DecimalDataValueChoiceController.swift */ = {isa = PBXFileReference; lastKnownFileType = sourcecode.swift; path = DecimalDataValueChoiceController.swift; sourceTree = "<group>"; };
		BE210A6420D4449B002203E5 /* PersistenceUtil.swift */ = {isa = PBXFileReference; lastKnownFileType = sourcecode.swift; path = PersistenceUtil.swift; sourceTree = "<group>"; };
		BE210A6620D450B4002203E5 /* SiteNavigationController.swift */ = {isa = PBXFileReference; fileEncoding = 4; lastKnownFileType = sourcecode.swift; path = SiteNavigationController.swift; sourceTree = "<group>"; };
		BE210A6820D45124002203E5 /* DataNavigationController.swift */ = {isa = PBXFileReference; lastKnownFileType = sourcecode.swift; path = DataNavigationController.swift; sourceTree = "<group>"; };
		BE210A7F20D48E8D002203E5 /* Site+CoreData.swift */ = {isa = PBXFileReference; lastKnownFileType = sourcecode.swift; path = "Site+CoreData.swift"; sourceTree = "<group>"; };
		BE26543320DAF7F500844E4F /* Base64Encoded.swift */ = {isa = PBXFileReference; lastKnownFileType = sourcecode.swift; path = Base64Encoded.swift; sourceTree = "<group>"; };
		BE4B9B0620D76AAE0069513E /* SitePhotoController.swift */ = {isa = PBXFileReference; lastKnownFileType = sourcecode.swift; path = SitePhotoController.swift; sourceTree = "<group>"; };
		BE4B9B0A20D771150069513E /* SiteNotesController.swift */ = {isa = PBXFileReference; lastKnownFileType = sourcecode.swift; path = SiteNotesController.swift; sourceTree = "<group>"; };
		BE66905320DB194A00EA1492 /* SiteDataController.swift */ = {isa = PBXFileReference; lastKnownFileType = sourcecode.swift; path = SiteDataController.swift; sourceTree = "<group>"; };
		BE66905720DB592B00EA1492 /* AbioticData+CoreData.swift */ = {isa = PBXFileReference; lastKnownFileType = sourcecode.swift; path = "AbioticData+CoreData.swift"; sourceTree = "<group>"; };
		BE735AFD20E185B90057DA32 /* CollectionDateChoiceController.swift */ = {isa = PBXFileReference; lastKnownFileType = sourcecode.swift; path = CollectionDateChoiceController.swift; sourceTree = "<group>"; };
		BE735AFF20E1BD0D0057DA32 /* FormatterUtil.swift */ = {isa = PBXFileReference; lastKnownFileType = sourcecode.swift; path = FormatterUtil.swift; sourceTree = "<group>"; };
		BE735B0120E1C52C0057DA32 /* DateUtil.swift */ = {isa = PBXFileReference; lastKnownFileType = sourcecode.swift; path = DateUtil.swift; sourceTree = "<group>"; };
		BE7B876F20D4D49C0083F349 /* SiteDetailController.swift */ = {isa = PBXFileReference; lastKnownFileType = sourcecode.swift; path = SiteDetailController.swift; sourceTree = "<group>"; };
		BE7B877120D4DC830083F349 /* ViewContext.swift */ = {isa = PBXFileReference; lastKnownFileType = sourcecode.swift; path = ViewContext.swift; sourceTree = "<group>"; };
		BE7B877320D5B2C80083F349 /* UIViewExtensions.swift */ = {isa = PBXFileReference; lastKnownFileType = sourcecode.swift; path = UIViewExtensions.swift; sourceTree = "<group>"; };
		BE7B877520D729D50083F349 /* SiteMapController.swift */ = {isa = PBXFileReference; fileEncoding = 4; lastKnownFileType = sourcecode.swift; path = SiteMapController.swift; sourceTree = "<group>"; };
		BE9BC92C20DDF46E0048FCF8 /* AbitoicDataUnitChoiceController.swift */ = {isa = PBXFileReference; lastKnownFileType = sourcecode.swift; path = AbitoicDataUnitChoiceController.swift; sourceTree = "<group>"; };
		BE9BC92E20DE06FA0048FCF8 /* AbioticDataValueChoiceController.swift */ = {isa = PBXFileReference; lastKnownFileType = sourcecode.swift; path = AbioticDataValueChoiceController.swift; sourceTree = "<group>"; };
		BE9BC93020DE0C410048FCF8 /* AbioticDataTypeChoiceController.swift */ = {isa = PBXFileReference; fileEncoding = 4; lastKnownFileType = sourcecode.swift; path = AbioticDataTypeChoiceController.swift; sourceTree = "<group>"; };
		BEE57DC920D8BDE700A1ECB6 /* MainTabBarController.swift */ = {isa = PBXFileReference; lastKnownFileType = sourcecode.swift; path = MainTabBarController.swift; sourceTree = "<group>"; };
		BEF3C2BD20D356FD00ED9A97 /* EcoDatumAmazon.app */ = {isa = PBXFileReference; explicitFileType = wrapper.application; includeInIndex = 0; path = EcoDatumAmazon.app; sourceTree = BUILT_PRODUCTS_DIR; };
		BEF3C2C020D356FD00ED9A97 /* AppDelegate.swift */ = {isa = PBXFileReference; lastKnownFileType = sourcecode.swift; path = AppDelegate.swift; sourceTree = "<group>"; };
		BEF3C2C520D356FD00ED9A97 /* Base */ = {isa = PBXFileReference; lastKnownFileType = file.storyboard; name = Base; path = Base.lproj/Main.storyboard; sourceTree = "<group>"; };
		BEF3C2C820D356FD00ED9A97 /* EcoDatumAmazon.xcdatamodel */ = {isa = PBXFileReference; lastKnownFileType = wrapper.xcdatamodel; path = EcoDatumAmazon.xcdatamodel; sourceTree = "<group>"; };
		BEF3C2CA20D356FE00ED9A97 /* Assets.xcassets */ = {isa = PBXFileReference; lastKnownFileType = folder.assetcatalog; path = Assets.xcassets; sourceTree = "<group>"; };
		BEF3C2CD20D356FE00ED9A97 /* Base */ = {isa = PBXFileReference; lastKnownFileType = file.storyboard; name = Base; path = Base.lproj/LaunchScreen.storyboard; sourceTree = "<group>"; };
		BEF3C2CF20D356FE00ED9A97 /* Info.plist */ = {isa = PBXFileReference; lastKnownFileType = text.plist.xml; path = Info.plist; sourceTree = "<group>"; };
		BEF3C2D420D356FF00ED9A97 /* EcoDatumAmazonTests.xctest */ = {isa = PBXFileReference; explicitFileType = wrapper.cfbundle; includeInIndex = 0; path = EcoDatumAmazonTests.xctest; sourceTree = BUILT_PRODUCTS_DIR; };
		BEF3C2D820D356FF00ED9A97 /* EcoDatumAmazonTests.swift */ = {isa = PBXFileReference; lastKnownFileType = sourcecode.swift; path = EcoDatumAmazonTests.swift; sourceTree = "<group>"; };
		BEF3C2DA20D356FF00ED9A97 /* Info.plist */ = {isa = PBXFileReference; lastKnownFileType = text.plist.xml; path = Info.plist; sourceTree = "<group>"; };
		BEF3C2E920D358FC00ED9A97 /* MainSplitViewController.swift */ = {isa = PBXFileReference; lastKnownFileType = sourcecode.swift; path = MainSplitViewController.swift; sourceTree = "<group>"; };
		BEF3C2ED20D35B3B00ED9A97 /* SiteTableController.swift */ = {isa = PBXFileReference; lastKnownFileType = sourcecode.swift; path = SiteTableController.swift; sourceTree = "<group>"; };
		BEF3C2F420D35DE200ED9A97 /* MapKit.framework */ = {isa = PBXFileReference; lastKnownFileType = wrapper.framework; name = MapKit.framework; path = System/Library/Frameworks/MapKit.framework; sourceTree = SDKROOT; };
		BEF3C2FB20D3736300ED9A97 /* AbioticFactor+Codable.swift */ = {isa = PBXFileReference; lastKnownFileType = sourcecode.swift; path = "AbioticFactor+Codable.swift"; sourceTree = "<group>"; };
		BEF3C2FD20D3742300ED9A97 /* AirDataType+Codable.swift */ = {isa = PBXFileReference; lastKnownFileType = sourcecode.swift; path = "AirDataType+Codable.swift"; sourceTree = "<group>"; };
		BEF3C2FF20D3744500ED9A97 /* SoilDataType+Codable.swift */ = {isa = PBXFileReference; lastKnownFileType = sourcecode.swift; path = "SoilDataType+Codable.swift"; sourceTree = "<group>"; };
		BEF3C30120D3745B00ED9A97 /* WaterDataType+Codable.swift */ = {isa = PBXFileReference; lastKnownFileType = sourcecode.swift; path = "WaterDataType+Codable.swift"; sourceTree = "<group>"; };
		BEF3C30320D374AA00ED9A97 /* AbioticDataUnit+Codable.swift */ = {isa = PBXFileReference; lastKnownFileType = sourcecode.swift; path = "AbioticDataUnit+Codable.swift"; sourceTree = "<group>"; };
		BEF3C30B20D3760000ED9A97 /* NumberSign+Codable.swift */ = {isa = PBXFileReference; lastKnownFileType = sourcecode.swift; path = "NumberSign+Codable.swift"; sourceTree = "<group>"; };
		BEF3C30D20D3764C00ED9A97 /* AirOzoneScale+Codable.swift */ = {isa = PBXFileReference; lastKnownFileType = sourcecode.swift; path = "AirOzoneScale+Codable.swift"; sourceTree = "<group>"; };
		BEF3C30F20D3768900ED9A97 /* SoilPotassiumScale+Codable+ScaleDataType.swift */ = {isa = PBXFileReference; lastKnownFileType = sourcecode.swift; path = "SoilPotassiumScale+Codable+ScaleDataType.swift"; sourceTree = "<group>"; };
		BEF3C31120D376AC00ED9A97 /* SoilTextureScale+Codable+ScaleDataType.swift */ = {isa = PBXFileReference; lastKnownFileType = sourcecode.swift; path = "SoilTextureScale+Codable+ScaleDataType.swift"; sourceTree = "<group>"; };
		BEF3C31320D376E700ED9A97 /* WaterOdorScale+Codable+ScaleDataType.swift */ = {isa = PBXFileReference; lastKnownFileType = sourcecode.swift; path = "WaterOdorScale+Codable+ScaleDataType.swift"; sourceTree = "<group>"; };
		BEF3C31520D3771300ED9A97 /* WaterTurbidityScale+Codable+ScaleDataType.swift */ = {isa = PBXFileReference; lastKnownFileType = sourcecode.swift; path = "WaterTurbidityScale+Codable+ScaleDataType.swift"; sourceTree = "<group>"; };
		D2F6901DCF01AC8EF3708488 /* Pods-EcoDatumAmazonTests.release.xcconfig */ = {isa = PBXFileReference; includeInIndex = 1; lastKnownFileType = text.xcconfig; name = "Pods-EcoDatumAmazonTests.release.xcconfig"; path = "Pods/Target Support Files/Pods-EcoDatumAmazonTests/Pods-EcoDatumAmazonTests.release.xcconfig"; sourceTree = "<group>"; };
/* End PBXFileReference section */

/* Begin PBXFrameworksBuildPhase section */
		BEF3C2BA20D356FD00ED9A97 /* Frameworks */ = {
			isa = PBXFrameworksBuildPhase;
			buildActionMask = 2147483647;
			files = (
				BEF3C2F520D35DE200ED9A97 /* MapKit.framework in Frameworks */,
				855F43E7C86C72F8CDB7F7BD /* Pods_EcoDatumAmazon.framework in Frameworks */,
			);
			runOnlyForDeploymentPostprocessing = 0;
		};
		BEF3C2D120D356FF00ED9A97 /* Frameworks */ = {
			isa = PBXFrameworksBuildPhase;
			buildActionMask = 2147483647;
			files = (
				7C6EB6D2A49DC0BEA6E4E28F /* Pods_EcoDatumAmazonTests.framework in Frameworks */,
			);
			runOnlyForDeploymentPostprocessing = 0;
		};
/* End PBXFrameworksBuildPhase section */

/* Begin PBXGroup section */
		1202164EF4E9AF08E9C45A5E /* Pods */ = {
			isa = PBXGroup;
			children = (
				428B4B510A287C49471D3AF1 /* Pods-EcoDatumAmazon.debug.xcconfig */,
				3A8CCA2762E6C5CC5495994F /* Pods-EcoDatumAmazon.release.xcconfig */,
				23B35AE3844A8F421BF5BE1F /* Pods-EcoDatumAmazonTests.debug.xcconfig */,
				D2F6901DCF01AC8EF3708488 /* Pods-EcoDatumAmazonTests.release.xcconfig */,
			);
			name = Pods;
			sourceTree = "<group>";
		};
		BEF3C2B420D356FD00ED9A97 = {
			isa = PBXGroup;
			children = (
				BEF3C2BF20D356FD00ED9A97 /* EcoDatumAmazon */,
				BEF3C2D720D356FF00ED9A97 /* EcoDatumAmazonTests */,
				BEF3C2BE20D356FD00ED9A97 /* Products */,
				BEF3C2F320D35DE200ED9A97 /* Frameworks */,
				1202164EF4E9AF08E9C45A5E /* Pods */,
			);
			sourceTree = "<group>";
		};
		BEF3C2BE20D356FD00ED9A97 /* Products */ = {
			isa = PBXGroup;
			children = (
				BEF3C2BD20D356FD00ED9A97 /* EcoDatumAmazon.app */,
				BEF3C2D420D356FF00ED9A97 /* EcoDatumAmazonTests.xctest */,
			);
			name = Products;
			sourceTree = "<group>";
		};
		BEF3C2BF20D356FD00ED9A97 /* EcoDatumAmazon */ = {
			isa = PBXGroup;
			children = (
				BEF3C2FA20D3734900ED9A97 /* Models */,
				BEF3C2E520D3574F00ED9A97 /* Controllers */,
				BEF3C2E420D3572D00ED9A97 /* Resources */,
				BEF3C2E320D3572400ED9A97 /* Utilities */,
				BEF3C2C020D356FD00ED9A97 /* AppDelegate.swift */,
				BEF3C2CF20D356FE00ED9A97 /* Info.plist */,
			);
			path = EcoDatumAmazon;
			sourceTree = "<group>";
		};
		BEF3C2D720D356FF00ED9A97 /* EcoDatumAmazonTests */ = {
			isa = PBXGroup;
			children = (
				BEF3C2D820D356FF00ED9A97 /* EcoDatumAmazonTests.swift */,
				BEF3C2DA20D356FF00ED9A97 /* Info.plist */,
			);
			path = EcoDatumAmazonTests;
			sourceTree = "<group>";
		};
		BEF3C2E320D3572400ED9A97 /* Utilities */ = {
			isa = PBXGroup;
			children = (
				BE210A6420D4449B002203E5 /* PersistenceUtil.swift */,
				BE7B877320D5B2C80083F349 /* UIViewExtensions.swift */,
				BE735AFF20E1BD0D0057DA32 /* FormatterUtil.swift */,
				BE735B0120E1C52C0057DA32 /* DateUtil.swift */,
			);
			path = Utilities;
			sourceTree = "<group>";
		};
		BEF3C2E420D3572D00ED9A97 /* Resources */ = {
			isa = PBXGroup;
			children = (
				BE1868D620DA1C92007E3EE8 /* EcoDatumIcon_22x29.png */,
				BE1868D720DA1C93007E3EE8 /* EcoDatumIcon_44x58.png */,
				BE1868D520DA1C92007E3EE8 /* EcoDatumIcon_64x64.png */,
				BE1868D820DA1C93007E3EE8 /* EcoDatumIcon_320x320.png */,
				BEF3C2C420D356FD00ED9A97 /* Main.storyboard */,
				BEF3C2CA20D356FE00ED9A97 /* Assets.xcassets */,
				BEF3C2CC20D356FE00ED9A97 /* LaunchScreen.storyboard */,
				BEF3C2C720D356FD00ED9A97 /* EcoDatumAmazon.xcdatamodeld */,
			);
			path = Resources;
			sourceTree = "<group>";
		};
		BEF3C2E520D3574F00ED9A97 /* Controllers */ = {
			isa = PBXGroup;
			children = (
				BE9BC93020DE0C410048FCF8 /* AbioticDataTypeChoiceController.swift */,
				BE7B877520D729D50083F349 /* SiteMapController.swift */,
				BE210A6620D450B4002203E5 /* SiteNavigationController.swift */,
				BEF3C2E920D358FC00ED9A97 /* MainSplitViewController.swift */,
				BEF3C2ED20D35B3B00ED9A97 /* SiteTableController.swift */,
				BE210A6820D45124002203E5 /* DataNavigationController.swift */,
				BE7B876F20D4D49C0083F349 /* SiteDetailController.swift */,
				BE7B877120D4DC830083F349 /* ViewContext.swift */,
				BE4B9B0620D76AAE0069513E /* SitePhotoController.swift */,
				BE4B9B0A20D771150069513E /* SiteNotesController.swift */,
				BEE57DC920D8BDE700A1ECB6 /* MainTabBarController.swift */,
				BE1868D320D9A49F007E3EE8 /* SitePlaceController.swift */,
				BE66905320DB194A00EA1492 /* SiteDataController.swift */,
				BE10E85420DC9DE1006C680A /* EcoFactorChoiceController.swift */,
				BE10E85620DC9E3A006C680A /* AbioticFactorChoiceController.swift */,
				BE9BC92C20DDF46E0048FCF8 /* AbitoicDataUnitChoiceController.swift */,
				BE9BC92E20DE06FA0048FCF8 /* AbioticDataValueChoiceController.swift */,
				BE03920920DE0DDA0075B3CB /* AbioticDataDetailController.swift */,
				BE1949A320E0627100962DA0 /* SoilTextureDataValueController.swift */,
				BE1949A520E062CF00962DA0 /* ScaleDataValueChoiceController.swift */,
				BE1949A720E062F000962DA0 /* DecimalDataValueChoiceController.swift */,
				BE735AFD20E185B90057DA32 /* CollectionDateChoiceController.swift */,
			);
			path = Controllers;
			sourceTree = "<group>";
		};
		BEF3C2F320D35DE200ED9A97 /* Frameworks */ = {
			isa = PBXGroup;
			children = (
				BEF3C2F420D35DE200ED9A97 /* MapKit.framework */,
				B67FCE51DBE8081C166356D3 /* Pods_EcoDatumAmazon.framework */,
				265B60079CD38ADD949EA84A /* Pods_EcoDatumAmazonTests.framework */,
			);
			name = Frameworks;
			sourceTree = "<group>";
		};
		BEF3C2FA20D3734900ED9A97 /* Models */ = {
			isa = PBXGroup;
			children = (
				BE1949A120E0404000962DA0 /* AbioticDataValue+Codable.swift */,
				BE66905720DB592B00EA1492 /* AbioticData+CoreData.swift */,
				BE19499F20E03D6B00962DA0 /* AbioticDataType+Codable.swift */,
				BEF3C30320D374AA00ED9A97 /* AbioticDataUnit+Codable.swift */,
				BE10E85C20DCA47A006C680A /* AbioticEcoData+Codable.swift */,
				BEF3C2FB20D3736300ED9A97 /* AbioticFactor+Codable.swift */,
				BEF3C2FD20D3742300ED9A97 /* AirDataType+Codable.swift */,
				BEF3C30D20D3764C00ED9A97 /* AirOzoneScale+Codable.swift */,
				BE26543320DAF7F500844E4F /* Base64Encoded.swift */,
				BE19499920E02FB600962DA0 /* BioticDataType+Codable.swift */,
				BE10E86020DCA5D7006C680A /* BioticEcoData+Codable.swift */,
				BE10E86620DCAAC9006C680A /* EcoFactor+Codable.swift */,
				BEF3C30B20D3760000ED9A97 /* NumberSign+Codable.swift */,
				BE19499B20E034FE00962DA0 /* ScaleDataType.swift */,
				BE210A7F20D48E8D002203E5 /* Site+CoreData.swift */,
				BEF3C2FF20D3744500ED9A97 /* SoilDataType+Codable.swift */,
				BEF3C30F20D3768900ED9A97 /* SoilPotassiumScale+Codable+ScaleDataType.swift */,
				BEF3C31120D376AC00ED9A97 /* SoilTextureScale+Codable+ScaleDataType.swift */,
				BEF3C30120D3745B00ED9A97 /* WaterDataType+Codable.swift */,
				BEF3C31320D376E700ED9A97 /* WaterOdorScale+Codable+ScaleDataType.swift */,
				BEF3C31520D3771300ED9A97 /* WaterTurbidityScale+Codable+ScaleDataType.swift */,
			);
			path = Models;
			sourceTree = "<group>";
		};
/* End PBXGroup section */

/* Begin PBXNativeTarget section */
		BEF3C2BC20D356FD00ED9A97 /* EcoDatumAmazon */ = {
			isa = PBXNativeTarget;
			buildConfigurationList = BEF3C2DD20D356FF00ED9A97 /* Build configuration list for PBXNativeTarget "EcoDatumAmazon" */;
			buildPhases = (
				9807E82CBEA9FC416119C2F6 /* [CP] Check Pods Manifest.lock */,
				BEF3C2B920D356FD00ED9A97 /* Sources */,
				BEF3C2BA20D356FD00ED9A97 /* Frameworks */,
				BEF3C2BB20D356FD00ED9A97 /* Resources */,
				6E6D0E024DFACA5E29D54780 /* [CP] Embed Pods Frameworks */,
			);
			buildRules = (
			);
			dependencies = (
			);
			name = EcoDatumAmazon;
			productName = EcoDatumAmazon;
			productReference = BEF3C2BD20D356FD00ED9A97 /* EcoDatumAmazon.app */;
			productType = "com.apple.product-type.application";
		};
		BEF3C2D320D356FF00ED9A97 /* EcoDatumAmazonTests */ = {
			isa = PBXNativeTarget;
			buildConfigurationList = BEF3C2E020D356FF00ED9A97 /* Build configuration list for PBXNativeTarget "EcoDatumAmazonTests" */;
			buildPhases = (
				0C0C3280BCA9939FF3EF8BB3 /* [CP] Check Pods Manifest.lock */,
				BEF3C2D020D356FF00ED9A97 /* Sources */,
				BEF3C2D120D356FF00ED9A97 /* Frameworks */,
				BEF3C2D220D356FF00ED9A97 /* Resources */,
			);
			buildRules = (
			);
			dependencies = (
				BEF3C2D620D356FF00ED9A97 /* PBXTargetDependency */,
			);
			name = EcoDatumAmazonTests;
			productName = EcoDatumAmazonTests;
			productReference = BEF3C2D420D356FF00ED9A97 /* EcoDatumAmazonTests.xctest */;
			productType = "com.apple.product-type.bundle.unit-test";
		};
/* End PBXNativeTarget section */

/* Begin PBXProject section */
		BEF3C2B520D356FD00ED9A97 /* Project object */ = {
			isa = PBXProject;
			attributes = {
				LastSwiftUpdateCheck = 0940;
				LastUpgradeCheck = 0940;
				ORGANIZATIONNAME = "Kenneth Wingerden";
				TargetAttributes = {
					BEF3C2BC20D356FD00ED9A97 = {
						CreatedOnToolsVersion = 9.4;
						SystemCapabilities = {
							com.apple.Maps.iOS = {
								enabled = 1;
							};
						};
					};
					BEF3C2D320D356FF00ED9A97 = {
						CreatedOnToolsVersion = 9.4;
						TestTargetID = BEF3C2BC20D356FD00ED9A97;
					};
				};
			};
			buildConfigurationList = BEF3C2B820D356FD00ED9A97 /* Build configuration list for PBXProject "EcoDatumAmazon" */;
			compatibilityVersion = "Xcode 9.3";
			developmentRegion = en;
			hasScannedForEncodings = 0;
			knownRegions = (
				en,
				Base,
			);
			mainGroup = BEF3C2B420D356FD00ED9A97;
			productRefGroup = BEF3C2BE20D356FD00ED9A97 /* Products */;
			projectDirPath = "";
			projectRoot = "";
			targets = (
				BEF3C2BC20D356FD00ED9A97 /* EcoDatumAmazon */,
				BEF3C2D320D356FF00ED9A97 /* EcoDatumAmazonTests */,
			);
		};
/* End PBXProject section */

/* Begin PBXResourcesBuildPhase section */
		BEF3C2BB20D356FD00ED9A97 /* Resources */ = {
			isa = PBXResourcesBuildPhase;
			buildActionMask = 2147483647;
			files = (
				BE1868DB20DA1C93007E3EE8 /* EcoDatumIcon_44x58.png in Resources */,
				BEF3C2CE20D356FE00ED9A97 /* LaunchScreen.storyboard in Resources */,
				BEF3C2CB20D356FE00ED9A97 /* Assets.xcassets in Resources */,
				BE1868DA20DA1C93007E3EE8 /* EcoDatumIcon_22x29.png in Resources */,
				BEF3C2C620D356FD00ED9A97 /* Main.storyboard in Resources */,
				BE1868D920DA1C93007E3EE8 /* EcoDatumIcon_64x64.png in Resources */,
				BE1868DC20DA1C93007E3EE8 /* EcoDatumIcon_320x320.png in Resources */,
			);
			runOnlyForDeploymentPostprocessing = 0;
		};
		BEF3C2D220D356FF00ED9A97 /* Resources */ = {
			isa = PBXResourcesBuildPhase;
			buildActionMask = 2147483647;
			files = (
			);
			runOnlyForDeploymentPostprocessing = 0;
		};
/* End PBXResourcesBuildPhase section */

/* Begin PBXShellScriptBuildPhase section */
		0C0C3280BCA9939FF3EF8BB3 /* [CP] Check Pods Manifest.lock */ = {
			isa = PBXShellScriptBuildPhase;
			buildActionMask = 2147483647;
			files = (
			);
			inputPaths = (
				"${PODS_PODFILE_DIR_PATH}/Podfile.lock",
				"${PODS_ROOT}/Manifest.lock",
			);
			name = "[CP] Check Pods Manifest.lock";
			outputPaths = (
				"$(DERIVED_FILE_DIR)/Pods-EcoDatumAmazonTests-checkManifestLockResult.txt",
			);
			runOnlyForDeploymentPostprocessing = 0;
			shellPath = /bin/sh;
			shellScript = "diff \"${PODS_PODFILE_DIR_PATH}/Podfile.lock\" \"${PODS_ROOT}/Manifest.lock\" > /dev/null\nif [ $? != 0 ] ; then\n    # print error to STDERR\n    echo \"error: The sandbox is not in sync with the Podfile.lock. Run 'pod install' or update your CocoaPods installation.\" >&2\n    exit 1\nfi\n# This output is used by Xcode 'outputs' to avoid re-running this script phase.\necho \"SUCCESS\" > \"${SCRIPT_OUTPUT_FILE_0}\"\n";
			showEnvVarsInLog = 0;
		};
		6E6D0E024DFACA5E29D54780 /* [CP] Embed Pods Frameworks */ = {
			isa = PBXShellScriptBuildPhase;
			buildActionMask = 2147483647;
			files = (
			);
			inputPaths = (
				"${SRCROOT}/Pods/Target Support Files/Pods-EcoDatumAmazon/Pods-EcoDatumAmazon-frameworks.sh",
				"${BUILT_PRODUCTS_DIR}/IQKeyboardManagerSwift/IQKeyboardManagerSwift.framework",
				"${BUILT_PRODUCTS_DIR}/SwiftyBeaver/SwiftyBeaver.framework",
				"${BUILT_PRODUCTS_DIR}/iosMath/iosMath.framework",
			);
			name = "[CP] Embed Pods Frameworks";
			outputPaths = (
				"${TARGET_BUILD_DIR}/${FRAMEWORKS_FOLDER_PATH}/IQKeyboardManagerSwift.framework",
				"${TARGET_BUILD_DIR}/${FRAMEWORKS_FOLDER_PATH}/SwiftyBeaver.framework",
				"${TARGET_BUILD_DIR}/${FRAMEWORKS_FOLDER_PATH}/iosMath.framework",
			);
			runOnlyForDeploymentPostprocessing = 0;
			shellPath = /bin/sh;
			shellScript = "\"${SRCROOT}/Pods/Target Support Files/Pods-EcoDatumAmazon/Pods-EcoDatumAmazon-frameworks.sh\"\n";
			showEnvVarsInLog = 0;
		};
		9807E82CBEA9FC416119C2F6 /* [CP] Check Pods Manifest.lock */ = {
			isa = PBXShellScriptBuildPhase;
			buildActionMask = 2147483647;
			files = (
			);
			inputPaths = (
				"${PODS_PODFILE_DIR_PATH}/Podfile.lock",
				"${PODS_ROOT}/Manifest.lock",
			);
			name = "[CP] Check Pods Manifest.lock";
			outputPaths = (
				"$(DERIVED_FILE_DIR)/Pods-EcoDatumAmazon-checkManifestLockResult.txt",
			);
			runOnlyForDeploymentPostprocessing = 0;
			shellPath = /bin/sh;
			shellScript = "diff \"${PODS_PODFILE_DIR_PATH}/Podfile.lock\" \"${PODS_ROOT}/Manifest.lock\" > /dev/null\nif [ $? != 0 ] ; then\n    # print error to STDERR\n    echo \"error: The sandbox is not in sync with the Podfile.lock. Run 'pod install' or update your CocoaPods installation.\" >&2\n    exit 1\nfi\n# This output is used by Xcode 'outputs' to avoid re-running this script phase.\necho \"SUCCESS\" > \"${SCRIPT_OUTPUT_FILE_0}\"\n";
			showEnvVarsInLog = 0;
		};
/* End PBXShellScriptBuildPhase section */

/* Begin PBXSourcesBuildPhase section */
		BEF3C2B920D356FD00ED9A97 /* Sources */ = {
			isa = PBXSourcesBuildPhase;
			buildActionMask = 2147483647;
			files = (
				BEE57DCA20D8BDE700A1ECB6 /* MainTabBarController.swift in Sources */,
				BE19499C20E034FE00962DA0 /* ScaleDataType.swift in Sources */,
				BEF3C31420D376E700ED9A97 /* WaterOdorScale+Codable+ScaleDataType.swift in Sources */,
				BE10E86720DCAAC9006C680A /* EcoFactor+Codable.swift in Sources */,
				BE26543420DAF7F500844E4F /* Base64Encoded.swift in Sources */,
				BE1949A220E0404000962DA0 /* AbioticDataValue+Codable.swift in Sources */,
				BEF3C31620D3771300ED9A97 /* WaterTurbidityScale+Codable+ScaleDataType.swift in Sources */,
				BE66905420DB194A00EA1492 /* SiteDataController.swift in Sources */,
				BE7B877620D729D50083F349 /* SiteMapController.swift in Sources */,
				BEF3C31020D3768900ED9A97 /* SoilPotassiumScale+Codable+ScaleDataType.swift in Sources */,
				BE10E85D20DCA47A006C680A /* AbioticEcoData+Codable.swift in Sources */,
				BEF3C30220D3745B00ED9A97 /* WaterDataType+Codable.swift in Sources */,
				BE7B877020D4D49C0083F349 /* SiteDetailController.swift in Sources */,
				BE9BC92D20DDF46E0048FCF8 /* AbitoicDataUnitChoiceController.swift in Sources */,
				BEF3C30420D374AA00ED9A97 /* AbioticDataUnit+Codable.swift in Sources */,
				BEF3C2FC20D3736300ED9A97 /* AbioticFactor+Codable.swift in Sources */,
				BE1949A820E062F000962DA0 /* DecimalDataValueChoiceController.swift in Sources */,
				BE1868D420D9A49F007E3EE8 /* SitePlaceController.swift in Sources */,
				BE210A6520D4449B002203E5 /* PersistenceUtil.swift in Sources */,
				BE735AFE20E185B90057DA32 /* CollectionDateChoiceController.swift in Sources */,
				BE9BC93120DE0C410048FCF8 /* AbioticDataTypeChoiceController.swift in Sources */,
				BEF3C2EA20D358FC00ED9A97 /* MainSplitViewController.swift in Sources */,
				BE4B9B0720D76AAE0069513E /* SitePhotoController.swift in Sources */,
				BEF3C30C20D3760000ED9A97 /* NumberSign+Codable.swift in Sources */,
				BE03920A20DE0DDA0075B3CB /* AbioticDataDetailController.swift in Sources */,
				BE66905820DB592B00EA1492 /* AbioticData+CoreData.swift in Sources */,
				BE1949A620E062CF00962DA0 /* ScaleDataValueChoiceController.swift in Sources */,
				BE19499A20E02FB600962DA0 /* BioticDataType+Codable.swift in Sources */,
				BEF3C2EE20D35B3B00ED9A97 /* SiteTableController.swift in Sources */,
				BE9BC92F20DE06FA0048FCF8 /* AbioticDataValueChoiceController.swift in Sources */,
				BEF3C31220D376AC00ED9A97 /* SoilTextureScale+Codable+ScaleDataType.swift in Sources */,
				BEF3C2FE20D3742300ED9A97 /* AirDataType+Codable.swift in Sources */,
				BE4B9B0B20D771150069513E /* SiteNotesController.swift in Sources */,
				BE210A6720D450B4002203E5 /* SiteNavigationController.swift in Sources */,
				BE735B0020E1BD0D0057DA32 /* FormatterUtil.swift in Sources */,
				BE1949A020E03D6B00962DA0 /* AbioticDataType+Codable.swift in Sources */,
				BE10E85520DC9DE1006C680A /* EcoFactorChoiceController.swift in Sources */,
				BE7B877220D4DC830083F349 /* ViewContext.swift in Sources */,
				BE10E85720DC9E3A006C680A /* AbioticFactorChoiceController.swift in Sources */,
				BEF3C30020D3744500ED9A97 /* SoilDataType+Codable.swift in Sources */,
				BE7B877420D5B2C80083F349 /* UIViewExtensions.swift in Sources */,
				BE735B0220E1C52C0057DA32 /* DateUtil.swift in Sources */,
				BE1949A420E0627100962DA0 /* SoilTextureDataValueController.swift in Sources */,
				BE10E86120DCA5D7006C680A /* BioticEcoData+Codable.swift in Sources */,
				BEF3C30E20D3764C00ED9A97 /* AirOzoneScale+Codable.swift in Sources */,
				BE210A8020D48E8D002203E5 /* Site+CoreData.swift in Sources */,
				BEF3C2C920D356FD00ED9A97 /* EcoDatumAmazon.xcdatamodeld in Sources */,
				BEF3C2C120D356FD00ED9A97 /* AppDelegate.swift in Sources */,
				BE210A6920D45124002203E5 /* DataNavigationController.swift in Sources */,
			);
			runOnlyForDeploymentPostprocessing = 0;
		};
		BEF3C2D020D356FF00ED9A97 /* Sources */ = {
			isa = PBXSourcesBuildPhase;
			buildActionMask = 2147483647;
			files = (
				BEF3C2D920D356FF00ED9A97 /* EcoDatumAmazonTests.swift in Sources */,
			);
			runOnlyForDeploymentPostprocessing = 0;
		};
/* End PBXSourcesBuildPhase section */

/* Begin PBXTargetDependency section */
		BEF3C2D620D356FF00ED9A97 /* PBXTargetDependency */ = {
			isa = PBXTargetDependency;
			target = BEF3C2BC20D356FD00ED9A97 /* EcoDatumAmazon */;
			targetProxy = BEF3C2D520D356FF00ED9A97 /* PBXContainerItemProxy */;
		};
/* End PBXTargetDependency section */

/* Begin PBXVariantGroup section */
		BEF3C2C420D356FD00ED9A97 /* Main.storyboard */ = {
			isa = PBXVariantGroup;
			children = (
				BEF3C2C520D356FD00ED9A97 /* Base */,
			);
			name = Main.storyboard;
			sourceTree = "<group>";
		};
		BEF3C2CC20D356FE00ED9A97 /* LaunchScreen.storyboard */ = {
			isa = PBXVariantGroup;
			children = (
				BEF3C2CD20D356FE00ED9A97 /* Base */,
			);
			name = LaunchScreen.storyboard;
			sourceTree = "<group>";
		};
/* End PBXVariantGroup section */

/* Begin XCBuildConfiguration section */
		BEF3C2DB20D356FF00ED9A97 /* Debug */ = {
			isa = XCBuildConfiguration;
			buildSettings = {
				ALWAYS_SEARCH_USER_PATHS = NO;
				CLANG_ANALYZER_NONNULL = YES;
				CLANG_ANALYZER_NUMBER_OBJECT_CONVERSION = YES_AGGRESSIVE;
				CLANG_CXX_LANGUAGE_STANDARD = "gnu++14";
				CLANG_CXX_LIBRARY = "libc++";
				CLANG_ENABLE_MODULES = YES;
				CLANG_ENABLE_OBJC_ARC = YES;
				CLANG_ENABLE_OBJC_WEAK = YES;
				CLANG_WARN_BLOCK_CAPTURE_AUTORELEASING = YES;
				CLANG_WARN_BOOL_CONVERSION = YES;
				CLANG_WARN_COMMA = YES;
				CLANG_WARN_CONSTANT_CONVERSION = YES;
				CLANG_WARN_DEPRECATED_OBJC_IMPLEMENTATIONS = YES;
				CLANG_WARN_DIRECT_OBJC_ISA_USAGE = YES_ERROR;
				CLANG_WARN_DOCUMENTATION_COMMENTS = YES;
				CLANG_WARN_EMPTY_BODY = YES;
				CLANG_WARN_ENUM_CONVERSION = YES;
				CLANG_WARN_INFINITE_RECURSION = YES;
				CLANG_WARN_INT_CONVERSION = YES;
				CLANG_WARN_NON_LITERAL_NULL_CONVERSION = YES;
				CLANG_WARN_OBJC_IMPLICIT_RETAIN_SELF = YES;
				CLANG_WARN_OBJC_LITERAL_CONVERSION = YES;
				CLANG_WARN_OBJC_ROOT_CLASS = YES_ERROR;
				CLANG_WARN_RANGE_LOOP_ANALYSIS = YES;
				CLANG_WARN_STRICT_PROTOTYPES = YES;
				CLANG_WARN_SUSPICIOUS_MOVE = YES;
				CLANG_WARN_UNGUARDED_AVAILABILITY = YES_AGGRESSIVE;
				CLANG_WARN_UNREACHABLE_CODE = YES;
				CLANG_WARN__DUPLICATE_METHOD_MATCH = YES;
				CODE_SIGN_IDENTITY = "iPhone Developer";
				COPY_PHASE_STRIP = NO;
				DEBUG_INFORMATION_FORMAT = dwarf;
				ENABLE_STRICT_OBJC_MSGSEND = YES;
				ENABLE_TESTABILITY = YES;
				GCC_C_LANGUAGE_STANDARD = gnu11;
				GCC_DYNAMIC_NO_PIC = NO;
				GCC_NO_COMMON_BLOCKS = YES;
				GCC_OPTIMIZATION_LEVEL = 0;
				GCC_PREPROCESSOR_DEFINITIONS = (
					"DEBUG=1",
					"$(inherited)",
				);
				GCC_WARN_64_TO_32_BIT_CONVERSION = YES;
				GCC_WARN_ABOUT_RETURN_TYPE = YES_ERROR;
				GCC_WARN_UNDECLARED_SELECTOR = YES;
				GCC_WARN_UNINITIALIZED_AUTOS = YES_AGGRESSIVE;
				GCC_WARN_UNUSED_FUNCTION = YES;
				GCC_WARN_UNUSED_VARIABLE = YES;
				IPHONEOS_DEPLOYMENT_TARGET = 11.4;
				MTL_ENABLE_DEBUG_INFO = YES;
				ONLY_ACTIVE_ARCH = YES;
				SDKROOT = iphoneos;
				SWIFT_ACTIVE_COMPILATION_CONDITIONS = DEBUG;
				SWIFT_OPTIMIZATION_LEVEL = "-Onone";
			};
			name = Debug;
		};
		BEF3C2DC20D356FF00ED9A97 /* Release */ = {
			isa = XCBuildConfiguration;
			buildSettings = {
				ALWAYS_SEARCH_USER_PATHS = NO;
				CLANG_ANALYZER_NONNULL = YES;
				CLANG_ANALYZER_NUMBER_OBJECT_CONVERSION = YES_AGGRESSIVE;
				CLANG_CXX_LANGUAGE_STANDARD = "gnu++14";
				CLANG_CXX_LIBRARY = "libc++";
				CLANG_ENABLE_MODULES = YES;
				CLANG_ENABLE_OBJC_ARC = YES;
				CLANG_ENABLE_OBJC_WEAK = YES;
				CLANG_WARN_BLOCK_CAPTURE_AUTORELEASING = YES;
				CLANG_WARN_BOOL_CONVERSION = YES;
				CLANG_WARN_COMMA = YES;
				CLANG_WARN_CONSTANT_CONVERSION = YES;
				CLANG_WARN_DEPRECATED_OBJC_IMPLEMENTATIONS = YES;
				CLANG_WARN_DIRECT_OBJC_ISA_USAGE = YES_ERROR;
				CLANG_WARN_DOCUMENTATION_COMMENTS = YES;
				CLANG_WARN_EMPTY_BODY = YES;
				CLANG_WARN_ENUM_CONVERSION = YES;
				CLANG_WARN_INFINITE_RECURSION = YES;
				CLANG_WARN_INT_CONVERSION = YES;
				CLANG_WARN_NON_LITERAL_NULL_CONVERSION = YES;
				CLANG_WARN_OBJC_IMPLICIT_RETAIN_SELF = YES;
				CLANG_WARN_OBJC_LITERAL_CONVERSION = YES;
				CLANG_WARN_OBJC_ROOT_CLASS = YES_ERROR;
				CLANG_WARN_RANGE_LOOP_ANALYSIS = YES;
				CLANG_WARN_STRICT_PROTOTYPES = YES;
				CLANG_WARN_SUSPICIOUS_MOVE = YES;
				CLANG_WARN_UNGUARDED_AVAILABILITY = YES_AGGRESSIVE;
				CLANG_WARN_UNREACHABLE_CODE = YES;
				CLANG_WARN__DUPLICATE_METHOD_MATCH = YES;
				CODE_SIGN_IDENTITY = "iPhone Developer";
				COPY_PHASE_STRIP = NO;
				DEBUG_INFORMATION_FORMAT = "dwarf-with-dsym";
				ENABLE_NS_ASSERTIONS = NO;
				ENABLE_STRICT_OBJC_MSGSEND = YES;
				GCC_C_LANGUAGE_STANDARD = gnu11;
				GCC_NO_COMMON_BLOCKS = YES;
				GCC_WARN_64_TO_32_BIT_CONVERSION = YES;
				GCC_WARN_ABOUT_RETURN_TYPE = YES_ERROR;
				GCC_WARN_UNDECLARED_SELECTOR = YES;
				GCC_WARN_UNINITIALIZED_AUTOS = YES_AGGRESSIVE;
				GCC_WARN_UNUSED_FUNCTION = YES;
				GCC_WARN_UNUSED_VARIABLE = YES;
				IPHONEOS_DEPLOYMENT_TARGET = 11.4;
				MTL_ENABLE_DEBUG_INFO = NO;
				SDKROOT = iphoneos;
				SWIFT_COMPILATION_MODE = wholemodule;
				SWIFT_OPTIMIZATION_LEVEL = "-O";
				VALIDATE_PRODUCT = YES;
			};
			name = Release;
		};
		BEF3C2DE20D356FF00ED9A97 /* Debug */ = {
			isa = XCBuildConfiguration;
			baseConfigurationReference = 428B4B510A287C49471D3AF1 /* Pods-EcoDatumAmazon.debug.xcconfig */;
			buildSettings = {
				ASSETCATALOG_COMPILER_APPICON_NAME = AppIcon;
				CODE_SIGN_STYLE = Automatic;
				DEVELOPMENT_TEAM = 9424XMB56D;
				INFOPLIST_FILE = EcoDatumAmazon/Info.plist;
				LD_RUNPATH_SEARCH_PATHS = (
					"$(inherited)",
					"@executable_path/Frameworks",
				);
				PRODUCT_BUNDLE_IDENTIFIER = org.ecodatum.EcoDatumAmazon;
				PRODUCT_NAME = "$(TARGET_NAME)";
				SWIFT_VERSION = 4.0;
				TARGETED_DEVICE_FAMILY = "1,2";
			};
			name = Debug;
		};
		BEF3C2DF20D356FF00ED9A97 /* Release */ = {
			isa = XCBuildConfiguration;
			baseConfigurationReference = 3A8CCA2762E6C5CC5495994F /* Pods-EcoDatumAmazon.release.xcconfig */;
			buildSettings = {
				ASSETCATALOG_COMPILER_APPICON_NAME = AppIcon;
				CODE_SIGN_STYLE = Automatic;
				DEVELOPMENT_TEAM = 9424XMB56D;
				INFOPLIST_FILE = EcoDatumAmazon/Info.plist;
				LD_RUNPATH_SEARCH_PATHS = (
					"$(inherited)",
					"@executable_path/Frameworks",
				);
				PRODUCT_BUNDLE_IDENTIFIER = org.ecodatum.EcoDatumAmazon;
				PRODUCT_NAME = "$(TARGET_NAME)";
				SWIFT_VERSION = 4.0;
				TARGETED_DEVICE_FAMILY = "1,2";
			};
			name = Release;
		};
		BEF3C2E120D356FF00ED9A97 /* Debug */ = {
			isa = XCBuildConfiguration;
			baseConfigurationReference = 23B35AE3844A8F421BF5BE1F /* Pods-EcoDatumAmazonTests.debug.xcconfig */;
			buildSettings = {
				ALWAYS_EMBED_SWIFT_STANDARD_LIBRARIES = YES;
				BUNDLE_LOADER = "$(TEST_HOST)";
				CODE_SIGN_STYLE = Automatic;
				DEVELOPMENT_TEAM = 9424XMB56D;
				INFOPLIST_FILE = EcoDatumAmazonTests/Info.plist;
				LD_RUNPATH_SEARCH_PATHS = (
					"$(inherited)",
					"@executable_path/Frameworks",
					"@loader_path/Frameworks",
				);
				PRODUCT_BUNDLE_IDENTIFIER = org.ecodatum.EcoDatumAmazonTests;
				PRODUCT_NAME = "$(TARGET_NAME)";
				SWIFT_VERSION = 4.0;
				TARGETED_DEVICE_FAMILY = "1,2";
				TEST_HOST = "$(BUILT_PRODUCTS_DIR)/EcoDatumAmazon.app/EcoDatumAmazon";
			};
			name = Debug;
		};
		BEF3C2E220D356FF00ED9A97 /* Release */ = {
			isa = XCBuildConfiguration;
			baseConfigurationReference = D2F6901DCF01AC8EF3708488 /* Pods-EcoDatumAmazonTests.release.xcconfig */;
			buildSettings = {
				ALWAYS_EMBED_SWIFT_STANDARD_LIBRARIES = YES;
				BUNDLE_LOADER = "$(TEST_HOST)";
				CODE_SIGN_STYLE = Automatic;
				DEVELOPMENT_TEAM = 9424XMB56D;
				INFOPLIST_FILE = EcoDatumAmazonTests/Info.plist;
				LD_RUNPATH_SEARCH_PATHS = (
					"$(inherited)",
					"@executable_path/Frameworks",
					"@loader_path/Frameworks",
				);
				PRODUCT_BUNDLE_IDENTIFIER = org.ecodatum.EcoDatumAmazonTests;
				PRODUCT_NAME = "$(TARGET_NAME)";
				SWIFT_VERSION = 4.0;
				TARGETED_DEVICE_FAMILY = "1,2";
				TEST_HOST = "$(BUILT_PRODUCTS_DIR)/EcoDatumAmazon.app/EcoDatumAmazon";
			};
			name = Release;
		};
/* End XCBuildConfiguration section */

/* Begin XCConfigurationList section */
		BEF3C2B820D356FD00ED9A97 /* Build configuration list for PBXProject "EcoDatumAmazon" */ = {
			isa = XCConfigurationList;
			buildConfigurations = (
				BEF3C2DB20D356FF00ED9A97 /* Debug */,
				BEF3C2DC20D356FF00ED9A97 /* Release */,
			);
			defaultConfigurationIsVisible = 0;
			defaultConfigurationName = Release;
		};
		BEF3C2DD20D356FF00ED9A97 /* Build configuration list for PBXNativeTarget "EcoDatumAmazon" */ = {
			isa = XCConfigurationList;
			buildConfigurations = (
				BEF3C2DE20D356FF00ED9A97 /* Debug */,
				BEF3C2DF20D356FF00ED9A97 /* Release */,
			);
			defaultConfigurationIsVisible = 0;
			defaultConfigurationName = Release;
		};
		BEF3C2E020D356FF00ED9A97 /* Build configuration list for PBXNativeTarget "EcoDatumAmazonTests" */ = {
			isa = XCConfigurationList;
			buildConfigurations = (
				BEF3C2E120D356FF00ED9A97 /* Debug */,
				BEF3C2E220D356FF00ED9A97 /* Release */,
			);
			defaultConfigurationIsVisible = 0;
			defaultConfigurationName = Release;
		};
/* End XCConfigurationList section */

/* Begin XCVersionGroup section */
		BEF3C2C720D356FD00ED9A97 /* EcoDatumAmazon.xcdatamodeld */ = {
			isa = XCVersionGroup;
			children = (
				BEF3C2C820D356FD00ED9A97 /* EcoDatumAmazon.xcdatamodel */,
			);
			currentVersion = BEF3C2C820D356FD00ED9A97 /* EcoDatumAmazon.xcdatamodel */;
			path = EcoDatumAmazon.xcdatamodeld;
			sourceTree = "<group>";
			versionGroupType = wrapper.xcdatamodel;
		};
/* End XCVersionGroup section */
	};
	rootObject = BEF3C2B520D356FD00ED9A97 /* Project object */;
}
